Microsoft Visual Studio Solution File, Format Version 12.00
# Visual Studio 2012
Project("{FAE04EC0-301F-11D3-BF4B-00C04F79EFBC}") = "TanksIO", "TanksIO.csproj", "{7AFA304E-39DE-48A8-BF44-EE6AD860B853}"
EndProject
Project("{2150E333-8FDC-42A3-9474-1A3956D46DE8}") = "SolutionItems", "SolutionItems", "{642576FF-C58B-4D4E-BFD1-62D92040B931}"
	ProjectSection(SolutionItems) = preProject
		.gitignore = .gitignore
	EndProjectSection
EndProject
Global
	GlobalSection(SolutionConfigurationPlatforms) = preSolution
	Debug|Any CPU = Debug|Any CPU
	ExportDebug|Any CPU = ExportDebug|Any CPU
	ExportRelease|Any CPU = ExportRelease|Any CPU
	EndGlobalSection
	GlobalSection(ProjectConfigurationPlatforms) = postSolution
		{7AFA304E-39DE-48A8-BF44-EE6AD860B853}.Debug|Any CPU.ActiveCfg = Debug|Any CPU
		{7AFA304E-39DE-48A8-BF44-EE6AD860B853}.Debug|Any CPU.Build.0 = Debug|Any CPU
		{7AFA304E-39DE-48A8-BF44-EE6AD860B853}.ExportDebug|Any CPU.ActiveCfg = ExportDebug|Any CPU
		{7AFA304E-39DE-48A8-BF44-EE6AD860B853}.ExportDebug|Any CPU.Build.0 = ExportDebug|Any CPU
		{7AFA304E-39DE-48A8-BF44-EE6AD860B853}.ExportRelease|Any CPU.ActiveCfg = ExportRelease|Any CPU
		{7AFA304E-39DE-48A8-BF44-EE6AD860B853}.ExportRelease|Any CPU.Build.0 = ExportRelease|Any CPU
	EndGlobalSection
EndGlobal
